// !$*UTF8*$!
{
	archiveVersion = 1;
	classes = {
	};
	objectVersion = 77;
	objects = {

/* Begin PBXBuildFile section */
		3403D2852E14C50F002CA1DE /* OrderViewModel.swift in Sources */ = {isa = PBXBuildFile; fileRef = 3403D2842E14C50F002CA1DE /* OrderViewModel.swift */; };
		342E708B2DD425A4004C90D6 /* RemoteImage.swift in Sources */ = {isa = PBXBuildFile; fileRef = 342E708A2DD425A4004C90D6 /* RemoteImage.swift */; };
		342E709A2DDC1FFF004C90D6 /* AppetizerDetailView.swift in Sources */ = {isa = PBXBuildFile; fileRef = 342E70992DDC1FFF004C90D6 /* AppetizerDetailView.swift */; };
		344E78AF2DEE97D200E7220D /* AccountViewModel.swift in Sources */ = {isa = PBXBuildFile; fileRef = 344E78AE2DEE97D200E7220D /* AccountViewModel.swift */; };
		344E78B12DEE9E3C00E7220D /* String+Ext.swift in Sources */ = {isa = PBXBuildFile; fileRef = 344E78B02DEE9E3C00E7220D /* String+Ext.swift */; };
		344E78B32DF7B93E00E7220D /* User.swift in Sources */ = {isa = PBXBuildFile; fileRef = 344E78B22DF7B93E00E7220D /* User.swift */; };
		3466C1B02DDEBAB300EFD354 /* APButton.swift in Sources */ = {isa = PBXBuildFile; fileRef = 3466C1AF2DDEBAB300EFD354 /* APButton.swift */; };
		3466C1B22DDEBE3600EFD354 /* XDismissButton.swift in Sources */ = {isa = PBXBuildFile; fileRef = 3466C1B12DDEBE3600EFD354 /* XDismissButton.swift */; };
		3466FBB72DC065D8008FCEB9 /* LoadingView.swift in Sources */ = {isa = PBXBuildFile; fileRef = 3466FBB62DC065D8008FCEB9 /* LoadingView.swift */; };
		348813222D88FD1300FDA3E0 /* Preview Assets.xcassets in Resources */ = {isa = PBXBuildFile; fileRef = 3488131C2D88FD1300FDA3E0 /* Preview Assets.xcassets */; };
		348813232D88FD1300FDA3E0 /* Assets.xcassets in Resources */ = {isa = PBXBuildFile; fileRef = 348813202D88FD1300FDA3E0 /* Assets.xcassets */; };
		348813242D88FD1300FDA3E0 /* AppetizersApp.swift in Sources */ = {isa = PBXBuildFile; fileRef = 3488131E2D88FD1300FDA3E0 /* AppetizersApp.swift */; };
		348813252D88FD1300FDA3E0 /* AppetizerTabView.swift in Sources */ = {isa = PBXBuildFile; fileRef = 3488131F2D88FD1300FDA3E0 /* AppetizerTabView.swift */; };
		348813272D88FD2A00FDA3E0 /* AppetizerListView.swift in Sources */ = {isa = PBXBuildFile; fileRef = 348813262D88FD2A00FDA3E0 /* AppetizerListView.swift */; };
		348813292D88FD4100FDA3E0 /* AccountView.swift in Sources */ = {isa = PBXBuildFile; fileRef = 348813282D88FD4100FDA3E0 /* AccountView.swift */; };
		3488132B2D88FD5E00FDA3E0 /* OrderView.swift in Sources */ = {isa = PBXBuildFile; fileRef = 3488132A2D88FD5E00FDA3E0 /* OrderView.swift */; };
		34BCC2782D9A2F1500B331A6 /* Appetizer.swift in Sources */ = {isa = PBXBuildFile; fileRef = 34BCC2772D9A2F1500B331A6 /* Appetizer.swift */; };
		34BCC27A2D9B84D000B331A6 /* AppetizerListCell.swift in Sources */ = {isa = PBXBuildFile; fileRef = 34BCC2792D9B84D000B331A6 /* AppetizerListCell.swift */; };
		34BCC27C2D9B879600B331A6 /* NetworkManager.swift in Sources */ = {isa = PBXBuildFile; fileRef = 34BCC27B2D9B879600B331A6 /* NetworkManager.swift */; };
		34DB4C6D2DADF382005685A1 /* AppetizerListViewModel.swift in Sources */ = {isa = PBXBuildFile; fileRef = 34DB4C6C2DADF382005685A1 /* AppetizerListViewModel.swift */; };
		34DB4C6F2DAE0009005685A1 /* Alert.swift in Sources */ = {isa = PBXBuildFile; fileRef = 34DB4C6E2DAE0009005685A1 /* Alert.swift */; };
		34E332F22DA76133009C39DB /* APError.swift in Sources */ = {isa = PBXBuildFile; fileRef = 34E332F12DA76133009C39DB /* APError.swift */; };
/* End PBXBuildFile section */

/* Begin PBXFileReference section */
		3403D2842E14C50F002CA1DE /* OrderViewModel.swift */ = {isa = PBXFileReference; lastKnownFileType = sourcecode.swift; path = OrderViewModel.swift; sourceTree = "<group>"; };
		342E708A2DD425A4004C90D6 /* RemoteImage.swift */ = {isa = PBXFileReference; lastKnownFileType = sourcecode.swift; path = RemoteImage.swift; sourceTree = "<group>"; };
		342E70992DDC1FFF004C90D6 /* AppetizerDetailView.swift */ = {isa = PBXFileReference; lastKnownFileType = sourcecode.swift; path = AppetizerDetailView.swift; sourceTree = "<group>"; };
		344E78AE2DEE97D200E7220D /* AccountViewModel.swift */ = {isa = PBXFileReference; lastKnownFileType = sourcecode.swift; path = AccountViewModel.swift; sourceTree = "<group>"; };
		344E78B02DEE9E3C00E7220D /* String+Ext.swift */ = {isa = PBXFileReference; lastKnownFileType = sourcecode.swift; path = "String+Ext.swift"; sourceTree = "<group>"; };
		344E78B22DF7B93E00E7220D /* User.swift */ = {isa = PBXFileReference; lastKnownFileType = sourcecode.swift; path = User.swift; sourceTree = "<group>"; };
		3466C1AF2DDEBAB300EFD354 /* APButton.swift */ = {isa = PBXFileReference; lastKnownFileType = sourcecode.swift; path = APButton.swift; sourceTree = "<group>"; };
		3466C1B12DDEBE3600EFD354 /* XDismissButton.swift */ = {isa = PBXFileReference; lastKnownFileType = sourcecode.swift; path = XDismissButton.swift; sourceTree = "<group>"; };
		3466FBB62DC065D8008FCEB9 /* LoadingView.swift */ = {isa = PBXFileReference; lastKnownFileType = sourcecode.swift; path = LoadingView.swift; sourceTree = "<group>"; };
		3488130B2D88FBF800FDA3E0 /* Appetizers.app */ = {isa = PBXFileReference; explicitFileType = wrapper.application; includeInIndex = 0; path = Appetizers.app; sourceTree = BUILT_PRODUCTS_DIR; };
		3488131C2D88FD1300FDA3E0 /* Preview Assets.xcassets */ = {isa = PBXFileReference; lastKnownFileType = folder.assetcatalog; path = "Preview Assets.xcassets"; sourceTree = "<group>"; };
		3488131E2D88FD1300FDA3E0 /* AppetizersApp.swift */ = {isa = PBXFileReference; lastKnownFileType = sourcecode.swift; path = AppetizersApp.swift; sourceTree = "<group>"; };
		3488131F2D88FD1300FDA3E0 /* AppetizerTabView.swift */ = {isa = PBXFileReference; lastKnownFileType = sourcecode.swift; path = AppetizerTabView.swift; sourceTree = "<group>"; };
		348813202D88FD1300FDA3E0 /* Assets.xcassets */ = {isa = PBXFileReference; lastKnownFileType = folder.assetcatalog; path = Assets.xcassets; sourceTree = "<group>"; };
		348813262D88FD2A00FDA3E0 /* AppetizerListView.swift */ = {isa = PBXFileReference; lastKnownFileType = sourcecode.swift; path = AppetizerListView.swift; sourceTree = "<group>"; };
		348813282D88FD4100FDA3E0 /* AccountView.swift */ = {isa = PBXFileReference; lastKnownFileType = sourcecode.swift; path = AccountView.swift; sourceTree = "<group>"; };
		3488132A2D88FD5E00FDA3E0 /* OrderView.swift */ = {isa = PBXFileReference; lastKnownFileType = sourcecode.swift; path = OrderView.swift; sourceTree = "<group>"; };
		34BCC2772D9A2F1500B331A6 /* Appetizer.swift */ = {isa = PBXFileReference; lastKnownFileType = sourcecode.swift; path = Appetizer.swift; sourceTree = "<group>"; };
		34BCC2792D9B84D000B331A6 /* AppetizerListCell.swift */ = {isa = PBXFileReference; lastKnownFileType = sourcecode.swift; path = AppetizerListCell.swift; sourceTree = "<group>"; };
		34BCC27B2D9B879600B331A6 /* NetworkManager.swift */ = {isa = PBXFileReference; lastKnownFileType = sourcecode.swift; path = NetworkManager.swift; sourceTree = "<group>"; };
		34DB4C6C2DADF382005685A1 /* AppetizerListViewModel.swift */ = {isa = PBXFileReference; lastKnownFileType = sourcecode.swift; path = AppetizerListViewModel.swift; sourceTree = "<group>"; };
		34DB4C6E2DAE0009005685A1 /* Alert.swift */ = {isa = PBXFileReference; lastKnownFileType = sourcecode.swift; path = Alert.swift; sourceTree = "<group>"; };
		34E332F12DA76133009C39DB /* APError.swift */ = {isa = PBXFileReference; lastKnownFileType = sourcecode.swift; path = APError.swift; sourceTree = "<group>"; };
/* End PBXFileReference section */

/* Begin PBXFrameworksBuildPhase section */
		348813082D88FBF800FDA3E0 /* Frameworks */ = {
			isa = PBXFrameworksBuildPhase;
			buildActionMask = 2147483647;
			files = (
			);
			runOnlyForDeploymentPostprocessing = 0;
		};
/* End PBXFrameworksBuildPhase section */

/* Begin PBXGroup section */
		342E708C2DD431E6004C90D6 /* Screens */ = {
			isa = PBXGroup;
			children = (
				3488131F2D88FD1300FDA3E0 /* AppetizerTabView.swift */,
				342E708D2DD43208004C90D6 /* AppetizerListView */,
				342E708E2DD43237004C90D6 /* AccountView */,
				342E708F2DD4327D004C90D6 /* OrderView */,
			);
			path = Screens;
			sourceTree = "<group>";
		};
		342E708D2DD43208004C90D6 /* AppetizerListView */ = {
			isa = PBXGroup;
			children = (
				34DB4C6C2DADF382005685A1 /* AppetizerListViewModel.swift */,
				348813262D88FD2A00FDA3E0 /* AppetizerListView.swift */,
				342E70992DDC1FFF004C90D6 /* AppetizerDetailView.swift */,
			);
			path = AppetizerListView;
			sourceTree = "<group>";
		};
		342E708E2DD43237004C90D6 /* AccountView */ = {
			isa = PBXGroup;
			children = (
				344E78AE2DEE97D200E7220D /* AccountViewModel.swift */,
				348813282D88FD4100FDA3E0 /* AccountView.swift */,
			);
			path = AccountView;
			sourceTree = "<group>";
		};
		342E708F2DD4327D004C90D6 /* OrderView */ = {
			isa = PBXGroup;
			children = (
				3403D2842E14C50F002CA1DE /* OrderViewModel.swift */,
				3488132A2D88FD5E00FDA3E0 /* OrderView.swift */,
			);
			path = OrderView;
			sourceTree = "<group>";
		};
		342E70902DD4336F004C90D6 /* Utilities */ = {
			isa = PBXGroup;
			children = (
				342E70932DD433C3004C90D6 /* Alerts */,
				342E70922DD43394004C90D6 /* Extensions */,
				342E70912DD43381004C90D6 /* Managers */,
			);
			path = Utilities;
			sourceTree = "<group>";
		};
		342E70912DD43381004C90D6 /* Managers */ = {
			isa = PBXGroup;
			children = (
				34BCC27B2D9B879600B331A6 /* NetworkManager.swift */,
			);
			path = Managers;
			sourceTree = "<group>";
		};
		342E70922DD43394004C90D6 /* Extensions */ = {
			isa = PBXGroup;
			children = (
				344E78B02DEE9E3C00E7220D /* String+Ext.swift */,
			);
			path = Extensions;
			sourceTree = "<group>";
		};
		342E70932DD433C3004C90D6 /* Alerts */ = {
			isa = PBXGroup;
			children = (
				34E332F12DA76133009C39DB /* APError.swift */,
				34DB4C6E2DAE0009005685A1 /* Alert.swift */,
			);
			path = Alerts;
			sourceTree = "<group>";
		};
		342E70942DD43433004C90D6 /* Model */ = {
			isa = PBXGroup;
			children = (
				34BCC2772D9A2F1500B331A6 /* Appetizer.swift */,
				344E78B22DF7B93E00E7220D /* User.swift */,
			);
			path = Model;
			sourceTree = "<group>";
		};
		342E70952DD43481004C90D6 /* Views */ = {
			isa = PBXGroup;
			children = (
				3466C1AE2DDEBA8800EFD354 /* Buttons */,
				342E70982DD434C0004C90D6 /* Image */,
				342E70972DD434AA004C90D6 /* Cells */,
				342E70962DD43497004C90D6 /* UIKit Components */,
			);
			path = Views;
			sourceTree = "<group>";
		};
		342E70962DD43497004C90D6 /* UIKit Components */ = {
			isa = PBXGroup;
			children = (
				3466FBB62DC065D8008FCEB9 /* LoadingView.swift */,
			);
			path = "UIKit Components";
			sourceTree = "<group>";
		};
		342E70972DD434AA004C90D6 /* Cells */ = {
			isa = PBXGroup;
			children = (
				34BCC2792D9B84D000B331A6 /* AppetizerListCell.swift */,
			);
			path = Cells;
			sourceTree = "<group>";
		};
		342E70982DD434C0004C90D6 /* Image */ = {
			isa = PBXGroup;
			children = (
				342E708A2DD425A4004C90D6 /* RemoteImage.swift */,
			);
			path = Image;
			sourceTree = "<group>";
		};
		3466C1AE2DDEBA8800EFD354 /* Buttons */ = {
			isa = PBXGroup;
			children = (
				3466C1AF2DDEBAB300EFD354 /* APButton.swift */,
				3466C1B12DDEBE3600EFD354 /* XDismissButton.swift */,
			);
			path = Buttons;
			sourceTree = "<group>";
		};
		348813022D88FBF800FDA3E0 = {
			isa = PBXGroup;
			children = (
				348813212D88FD1300FDA3E0 /* Appetizers */,
				3488130C2D88FBF800FDA3E0 /* Products */,
			);
			sourceTree = "<group>";
		};
		3488130C2D88FBF800FDA3E0 /* Products */ = {
			isa = PBXGroup;
			children = (
				3488130B2D88FBF800FDA3E0 /* Appetizers.app */,
			);
			name = Products;
			sourceTree = "<group>";
		};
		3488131D2D88FD1300FDA3E0 /* Preview Content */ = {
			isa = PBXGroup;
			children = (
				3488131C2D88FD1300FDA3E0 /* Preview Assets.xcassets */,
			);
			path = "Preview Content";
			sourceTree = "<group>";
		};
		348813212D88FD1300FDA3E0 /* Appetizers */ = {
			isa = PBXGroup;
			children = (
				342E70942DD43433004C90D6 /* Model */,
				342E70902DD4336F004C90D6 /* Utilities */,
				342E70952DD43481004C90D6 /* Views */,
				342E708C2DD431E6004C90D6 /* Screens */,
				3488131D2D88FD1300FDA3E0 /* Preview Content */,
				3488131E2D88FD1300FDA3E0 /* AppetizersApp.swift */,
				348813202D88FD1300FDA3E0 /* Assets.xcassets */,
			);
			path = Appetizers;
			sourceTree = "<group>";
		};
/* End PBXGroup section */

/* Begin PBXNativeTarget section */
		3488130A2D88FBF800FDA3E0 /* Appetizers */ = {
			isa = PBXNativeTarget;
			buildConfigurationList = 348813192D88FBF900FDA3E0 /* Build configuration list for PBXNativeTarget "Appetizers" */;
			buildPhases = (
				348813072D88FBF800FDA3E0 /* Sources */,
				348813082D88FBF800FDA3E0 /* Frameworks */,
				348813092D88FBF800FDA3E0 /* Resources */,
			);
			buildRules = (
			);
			dependencies = (
			);
			name = Appetizers;
			packageProductDependencies = (
			);
			productName = Appetizers;
			productReference = 3488130B2D88FBF800FDA3E0 /* Appetizers.app */;
			productType = "com.apple.product-type.application";
		};
/* End PBXNativeTarget section */

/* Begin PBXProject section */
		348813032D88FBF800FDA3E0 /* Project object */ = {
			isa = PBXProject;
			attributes = {
				BuildIndependentTargetsInParallel = 1;
				LastSwiftUpdateCheck = 1620;
				LastUpgradeCheck = 1630;
				TargetAttributes = {
					3488130A2D88FBF800FDA3E0 = {
						CreatedOnToolsVersion = 16.2;
					};
				};
			};
			buildConfigurationList = 348813062D88FBF800FDA3E0 /* Build configuration list for PBXProject "Appetizers" */;
			developmentRegion = en;
			hasScannedForEncodings = 0;
			knownRegions = (
				en,
				Base,
			);
			mainGroup = 348813022D88FBF800FDA3E0;
			minimizedProjectReferenceProxies = 1;
			preferredProjectObjectVersion = 77;
			productRefGroup = 3488130C2D88FBF800FDA3E0 /* Products */;
			projectDirPath = "";
			projectRoot = "";
			targets = (
				3488130A2D88FBF800FDA3E0 /* Appetizers */,
			);
		};
/* End PBXProject section */

/* Begin PBXResourcesBuildPhase section */
		348813092D88FBF800FDA3E0 /* Resources */ = {
			isa = PBXResourcesBuildPhase;
			buildActionMask = 2147483647;
			files = (
				348813222D88FD1300FDA3E0 /* Preview Assets.xcassets in Resources */,
				348813232D88FD1300FDA3E0 /* Assets.xcassets in Resources */,
			);
			runOnlyForDeploymentPostprocessing = 0;
		};
/* End PBXResourcesBuildPhase section */

/* Begin PBXSourcesBuildPhase section */
		348813072D88FBF800FDA3E0 /* Sources */ = {
			isa = PBXSourcesBuildPhase;
			buildActionMask = 2147483647;
			files = (
				344E78B12DEE9E3C00E7220D /* String+Ext.swift in Sources */,
				34BCC2782D9A2F1500B331A6 /* Appetizer.swift in Sources */,
				34E332F22DA76133009C39DB /* APError.swift in Sources */,
				34BCC27A2D9B84D000B331A6 /* AppetizerListCell.swift in Sources */,
				3466C1B02DDEBAB300EFD354 /* APButton.swift in Sources */,
				34DB4C6D2DADF382005685A1 /* AppetizerListViewModel.swift in Sources */,
				348813292D88FD4100FDA3E0 /* AccountView.swift in Sources */,
				3403D2852E14C50F002CA1DE /* OrderViewModel.swift in Sources */,
				3466FBB72DC065D8008FCEB9 /* LoadingView.swift in Sources */,
				342E708B2DD425A4004C90D6 /* RemoteImage.swift in Sources */,
				348813242D88FD1300FDA3E0 /* AppetizersApp.swift in Sources */,
				342E709A2DDC1FFF004C90D6 /* AppetizerDetailView.swift in Sources */,
				34BCC27C2D9B879600B331A6 /* NetworkManager.swift in Sources */,
				348813252D88FD1300FDA3E0 /* AppetizerTabView.swift in Sources */,
				34DB4C6F2DAE0009005685A1 /* Alert.swift in Sources */,
				348813272D88FD2A00FDA3E0 /* AppetizerListView.swift in Sources */,
				3488132B2D88FD5E00FDA3E0 /* OrderView.swift in Sources */,
				344E78AF2DEE97D200E7220D /* AccountViewModel.swift in Sources */,
				3466C1B22DDEBE3600EFD354 /* XDismissButton.swift in Sources */,
				344E78B32DF7B93E00E7220D /* User.swift in Sources */,
			);
			runOnlyForDeploymentPostprocessing = 0;
		};
/* End PBXSourcesBuildPhase section */

/* Begin XCBuildConfiguration section */
		348813172D88FBF900FDA3E0 /* Debug */ = {
			isa = XCBuildConfiguration;
			buildSettings = {
				ALWAYS_SEARCH_USER_PATHS = NO;
				ASSETCATALOG_COMPILER_GENERATE_SWIFT_ASSET_SYMBOL_EXTENSIONS = YES;
				CLANG_ANALYZER_NONNULL = YES;
				CLANG_ANALYZER_NUMBER_OBJECT_CONVERSION = YES_AGGRESSIVE;
				CLANG_CXX_LANGUAGE_STANDARD = "gnu++20";
				CLANG_ENABLE_MODULES = YES;
				CLANG_ENABLE_OBJC_ARC = YES;
				CLANG_ENABLE_OBJC_WEAK = YES;
				CLANG_WARN_BLOCK_CAPTURE_AUTORELEASING = YES;
				CLANG_WARN_BOOL_CONVERSION = YES;
				CLANG_WARN_COMMA = YES;
				CLANG_WARN_CONSTANT_CONVERSION = YES;
				CLANG_WARN_DEPRECATED_OBJC_IMPLEMENTATIONS = YES;
				CLANG_WARN_DIRECT_OBJC_ISA_USAGE = YES_ERROR;
				CLANG_WARN_DOCUMENTATION_COMMENTS = YES;
				CLANG_WARN_EMPTY_BODY = YES;
				CLANG_WARN_ENUM_CONVERSION = YES;
				CLANG_WARN_INFINITE_RECURSION = YES;
				CLANG_WARN_INT_CONVERSION = YES;
				CLANG_WARN_NON_LITERAL_NULL_CONVERSION = YES;
				CLANG_WARN_OBJC_IMPLICIT_RETAIN_SELF = YES;
				CLANG_WARN_OBJC_LITERAL_CONVERSION = YES;
				CLANG_WARN_OBJC_ROOT_CLASS = YES_ERROR;
				CLANG_WARN_QUOTED_INCLUDE_IN_FRAMEWORK_HEADER = YES;
				CLANG_WARN_RANGE_LOOP_ANALYSIS = YES;
				CLANG_WARN_STRICT_PROTOTYPES = YES;
				CLANG_WARN_SUSPICIOUS_MOVE = YES;
				CLANG_WARN_UNGUARDED_AVAILABILITY = YES_AGGRESSIVE;
				CLANG_WARN_UNREACHABLE_CODE = YES;
				CLANG_WARN__DUPLICATE_METHOD_MATCH = YES;
				COPY_PHASE_STRIP = NO;
				DEBUG_INFORMATION_FORMAT = dwarf;
				DEVELOPMENT_TEAM = J5P95JSAVD;
				ENABLE_STRICT_OBJC_MSGSEND = YES;
				ENABLE_TESTABILITY = YES;
				ENABLE_USER_SCRIPT_SANDBOXING = YES;
				GCC_C_LANGUAGE_STANDARD = gnu17;
				GCC_DYNAMIC_NO_PIC = NO;
				GCC_NO_COMMON_BLOCKS = YES;
				GCC_OPTIMIZATION_LEVEL = 0;
				GCC_PREPROCESSOR_DEFINITIONS = (
					"DEBUG=1",
					"$(inherited)",
				);
				GCC_WARN_64_TO_32_BIT_CONVERSION = YES;
				GCC_WARN_ABOUT_RETURN_TYPE = YES_ERROR;
				GCC_WARN_UNDECLARED_SELECTOR = YES;
				GCC_WARN_UNINITIALIZED_AUTOS = YES_AGGRESSIVE;
				GCC_WARN_UNUSED_FUNCTION = YES;
				GCC_WARN_UNUSED_VARIABLE = YES;
				IPHONEOS_DEPLOYMENT_TARGET = 18.2;
				LOCALIZATION_PREFERS_STRING_CATALOGS = YES;
				MTL_ENABLE_DEBUG_INFO = INCLUDE_SOURCE;
				MTL_FAST_MATH = YES;
				ONLY_ACTIVE_ARCH = YES;
				SDKROOT = iphoneos;
				SWIFT_ACTIVE_COMPILATION_CONDITIONS = "DEBUG $(inherited)";
				SWIFT_OPTIMIZATION_LEVEL = "-Onone";
			};
			name = Debug;
		};
		348813182D88FBF900FDA3E0 /* Release */ = {
			isa = XCBuildConfiguration;
			buildSettings = {
				ALWAYS_SEARCH_USER_PATHS = NO;
				ASSETCATALOG_COMPILER_GENERATE_SWIFT_ASSET_SYMBOL_EXTENSIONS = YES;
				CLANG_ANALYZER_NONNULL = YES;
				CLANG_ANALYZER_NUMBER_OBJECT_CONVERSION = YES_AGGRESSIVE;
				CLANG_CXX_LANGUAGE_STANDARD = "gnu++20";
				CLANG_ENABLE_MODULES = YES;
				CLANG_ENABLE_OBJC_ARC = YES;
				CLANG_ENABLE_OBJC_WEAK = YES;
				CLANG_WARN_BLOCK_CAPTURE_AUTORELEASING = YES;
				CLANG_WARN_BOOL_CONVERSION = YES;
				CLANG_WARN_COMMA = YES;
				CLANG_WARN_CONSTANT_CONVERSION = YES;
				CLANG_WARN_DEPRECATED_OBJC_IMPLEMENTATIONS = YES;
				CLANG_WARN_DIRECT_OBJC_ISA_USAGE = YES_ERROR;
				CLANG_WARN_DOCUMENTATION_COMMENTS = YES;
				CLANG_WARN_EMPTY_BODY = YES;
				CLANG_WARN_ENUM_CONVERSION = YES;
				CLANG_WARN_INFINITE_RECURSION = YES;
				CLANG_WARN_INT_CONVERSION = YES;
				CLANG_WARN_NON_LITERAL_NULL_CONVERSION = YES;
				CLANG_WARN_OBJC_IMPLICIT_RETAIN_SELF = YES;
				CLANG_WARN_OBJC_LITERAL_CONVERSION = YES;
				CLANG_WARN_OBJC_ROOT_CLASS = YES_ERROR;
				CLANG_WARN_QUOTED_INCLUDE_IN_FRAMEWORK_HEADER = YES;
				CLANG_WARN_RANGE_LOOP_ANALYSIS = YES;
				CLANG_WARN_STRICT_PROTOTYPES = YES;
				CLANG_WARN_SUSPICIOUS_MOVE = YES;
				CLANG_WARN_UNGUARDED_AVAILABILITY = YES_AGGRESSIVE;
				CLANG_WARN_UNREACHABLE_CODE = YES;
				CLANG_WARN__DUPLICATE_METHOD_MATCH = YES;
				COPY_PHASE_STRIP = NO;
				DEBUG_INFORMATION_FORMAT = "dwarf-with-dsym";
				DEVELOPMENT_TEAM = J5P95JSAVD;
				ENABLE_NS_ASSERTIONS = NO;
				ENABLE_STRICT_OBJC_MSGSEND = YES;
				ENABLE_USER_SCRIPT_SANDBOXING = YES;
				GCC_C_LANGUAGE_STANDARD = gnu17;
				GCC_NO_COMMON_BLOCKS = YES;
				GCC_WARN_64_TO_32_BIT_CONVERSION = YES;
				GCC_WARN_ABOUT_RETURN_TYPE = YES_ERROR;
				GCC_WARN_UNDECLARED_SELECTOR = YES;
				GCC_WARN_UNINITIALIZED_AUTOS = YES_AGGRESSIVE;
				GCC_WARN_UNUSED_FUNCTION = YES;
				GCC_WARN_UNUSED_VARIABLE = YES;
				IPHONEOS_DEPLOYMENT_TARGET = 18.2;
				LOCALIZATION_PREFERS_STRING_CATALOGS = YES;
				MTL_ENABLE_DEBUG_INFO = NO;
				MTL_FAST_MATH = YES;
				SDKROOT = iphoneos;
				SWIFT_COMPILATION_MODE = wholemodule;
				VALIDATE_PRODUCT = YES;
			};
			name = Release;
		};
		3488131A2D88FBF900FDA3E0 /* Debug */ = {
			isa = XCBuildConfiguration;
			buildSettings = {
				ASSETCATALOG_COMPILER_APPICON_NAME = AppIcon;
				ASSETCATALOG_COMPILER_GLOBAL_ACCENT_COLOR_NAME = AccentColor;
				CODE_SIGN_STYLE = Automatic;
				CURRENT_PROJECT_VERSION = 1;
				DEVELOPMENT_ASSET_PATHS = "\"Appetizers/Preview Content\"";
				ENABLE_PREVIEWS = YES;
				GENERATE_INFOPLIST_FILE = YES;
				INFOPLIST_KEY_UIApplicationSceneManifest_Generation = YES;
				INFOPLIST_KEY_UIApplicationSupportsIndirectInputEvents = YES;
				INFOPLIST_KEY_UILaunchScreen_Generation = YES;
				INFOPLIST_KEY_UISupportedInterfaceOrientations_iPad = "UIInterfaceOrientationPortrait UIInterfaceOrientationPortraitUpsideDown UIInterfaceOrientationLandscapeLeft UIInterfaceOrientationLandscapeRight";
				INFOPLIST_KEY_UISupportedInterfaceOrientations_iPhone = "UIInterfaceOrientationPortrait UIInterfaceOrientationLandscapeLeft UIInterfaceOrientationLandscapeRight";
				LD_RUNPATH_SEARCH_PATHS = (
					"$(inherited)",
					"@executable_path/Frameworks",
				);
				MARKETING_VERSION = 1.0;
				PRODUCT_BUNDLE_IDENTIFIER = com.matthewtripodi.Appetizers;
				PRODUCT_NAME = "$(TARGET_NAME)";
				SWIFT_EMIT_LOC_STRINGS = YES;
				SWIFT_VERSION = 5.0;
				TARGETED_DEVICE_FAMILY = "1,2";
			};
			name = Debug;
		};
		3488131B2D88FBF900FDA3E0 /* Release */ = {
			isa = XCBuildConfiguration;
			buildSettings = {
				ASSETCATALOG_COMPILER_APPICON_NAME = AppIcon;
				ASSETCATALOG_COMPILER_GLOBAL_ACCENT_COLOR_NAME = AccentColor;
				CODE_SIGN_STYLE = Automatic;
				CURRENT_PROJECT_VERSION = 1;
				DEVELOPMENT_ASSET_PATHS = "\"Appetizers/Preview Content\"";
				ENABLE_PREVIEWS = YES;
				GENERATE_INFOPLIST_FILE = YES;
				INFOPLIST_KEY_UIApplicationSceneManifest_Generation = YES;
				INFOPLIST_KEY_UIApplicationSupportsIndirectInputEvents = YES;
				INFOPLIST_KEY_UILaunchScreen_Generation = YES;
				INFOPLIST_KEY_UISupportedInterfaceOrientations_iPad = "UIInterfaceOrientationPortrait UIInterfaceOrientationPortraitUpsideDown UIInterfaceOrientationLandscapeLeft UIInterfaceOrientationLandscapeRight";
				INFOPLIST_KEY_UISupportedInterfaceOrientations_iPhone = "UIInterfaceOrientationPortrait UIInterfaceOrientationLandscapeLeft UIInterfaceOrientationLandscapeRight";
				LD_RUNPATH_SEARCH_PATHS = (
					"$(inherited)",
					"@executable_path/Frameworks",
				);
				MARKETING_VERSION = 1.0;
				PRODUCT_BUNDLE_IDENTIFIER = com.matthewtripodi.Appetizers;
				PRODUCT_NAME = "$(TARGET_NAME)";
				SWIFT_EMIT_LOC_STRINGS = YES;
				SWIFT_VERSION = 5.0;
				TARGETED_DEVICE_FAMILY = "1,2";
			};
			name = Release;
		};
/* End XCBuildConfiguration section */

/* Begin XCConfigurationList section */
		348813062D88FBF800FDA3E0 /* Build configuration list for PBXProject "Appetizers" */ = {
			isa = XCConfigurationList;
			buildConfigurations = (
				348813172D88FBF900FDA3E0 /* Debug */,
				348813182D88FBF900FDA3E0 /* Release */,
			);
			defaultConfigurationIsVisible = 0;
			defaultConfigurationName = Release;
		};
		348813192D88FBF900FDA3E0 /* Build configuration list for PBXNativeTarget "Appetizers" */ = {
			isa = XCConfigurationList;
			buildConfigurations = (
				3488131A2D88FBF900FDA3E0 /* Debug */,
				3488131B2D88FBF900FDA3E0 /* Release */,
			);
			defaultConfigurationIsVisible = 0;
			defaultConfigurationName = Release;
		};
/* End XCConfigurationList section */
	};
	rootObject = 348813032D88FBF800FDA3E0 /* Project object */;
}
